
Microsoft Visual Studio Solution File, Format Version 12.00
# Visual Studio Version 17
VisualStudioVersion = 17.7.34202.233
MinimumVisualStudioVersion = 10.0.40219.1
Project("{FAE04EC0-301F-11D3-BF4B-00C04F79EFBC}") = "webapp", "webapp\webapp.csproj", "{411520E4-E174-4163-A1AC-531EF621F3EA}"
EndProject
Global
	GlobalSection(SolutionConfigurationPlatforms) = preSolution
		Debug|Any CPU = Debug|Any CPU
		Release|Any CPU = Release|Any CPU
	EndGlobalSection
	GlobalSection(ProjectConfigurationPlatforms) = postSolution
		{411520E4-E174-4163-A1AC-531EF621F3EA}.Debug|Any CPU.ActiveCfg = Debug|Any CPU
		{411520E4-E174-4163-A1AC-531EF621F3EA}.Debug|Any CPU.Build.0 = Debug|Any CPU
		{411520E4-E174-4163-A1AC-531EF621F3EA}.Release|Any CPU.ActiveCfg = Release|Any CPU
		{411520E4-E174-4163-A1AC-531EF621F3EA}.Release|Any CPU.Build.0 = Release|Any CPU
	EndGlobalSection
	GlobalSection(SolutionProperties) = preSolution
		HideSolutionNode = FALSE
	EndGlobalSection
	GlobalSection(ExtensibilityGlobals) = postSolution
		SolutionGuid = {48F97F78-162C-4797-84A2-219B4A0D6CAE}
	EndGlobalSection
EndGlobal
